
Microsoft Visual Studio Solution File, Format Version 12.00
# Visual Studio Version 17
VisualStudioVersion = 17.9.34607.119
MinimumVisualStudioVersion = 10.0.40219.1
Project("{FAE04EC0-301F-11D3-BF4B-00C04F79EFBC}") = "Ejercicio_con_trackbar", "Ejercicio_con_trackbar\Ejercicio_con_trackbar.csproj", "{14E87B96-A4BA-467C-BA75-AA8D6E9CCADE}"
EndProject
Global
	GlobalSection(SolutionConfigurationPlatforms) = preSolution
		Debug|Any CPU = Debug|Any CPU
		Release|Any CPU = Release|Any CPU
	EndGlobalSection
	GlobalSection(ProjectConfigurationPlatforms) = postSolution
		{14E87B96-A4BA-467C-BA75-AA8D6E9CCADE}.Debug|Any CPU.ActiveCfg = Debug|Any CPU
		{14E87B96-A4BA-467C-BA75-AA8D6E9CCADE}.Debug|Any CPU.Build.0 = Debug|Any CPU
		{14E87B96-A4BA-467C-BA75-AA8D6E9CCADE}.Release|Any CPU.ActiveCfg = Release|Any CPU
		{14E87B96-A4BA-467C-BA75-AA8D6E9CCADE}.Release|Any CPU.Build.0 = Release|Any CPU
	EndGlobalSection
	GlobalSection(SolutionProperties) = preSolution
		HideSolutionNode = FALSE
	EndGlobalSection
	GlobalSection(ExtensibilityGlobals) = postSolution
		SolutionGuid = {87CB59A1-0F86-410A-9101-C5C188B95AAE}
	EndGlobalSection
EndGlobal
